<Solution>
  <Folder Name="/Solution Items/" />
  <Folder Name="/Solution Items/Plans/" />
  <Folder Name="/Solution Items/Plans/Plans/">
    <File Path="MasterPlan.md" />
  </Folder>
  <Folder Name="/Solution Items/Specification/">
    <File Path="Specification.md" />
  </Folder>
  <Project Path="PanoramicData.Chunker/PanoramicData.Chunker.csproj" />
</Solution>
